
Microsoft Visual Studio Solution File, Format Version 12.00
# Visual Studio Version 16
VisualStudioVersion = 16.0.33927.289
MinimumVisualStudioVersion = 10.0.40219.1
Project("{FAE04EC0-301F-11D3-BF4B-00C04F79EFBC}") = "Zadanie1", "Zadanie1\Zadanie1.csproj", "{5DCE158E-BB28-4ADA-A0D2-55D25B675A0A}"
EndProject
Project("{FAE04EC0-301F-11D3-BF4B-00C04F79EFBC}") = "Zadanie2", "Zadanie2\Zadanie2.csproj", "{E6B85683-33CB-4B17-A115-512BED645EF3}"
EndProject
Project("{FAE04EC0-301F-11D3-BF4B-00C04F79EFBC}") = "Zadanie3", "Zadanie3\Zadanie3.csproj", "{ABAB61D9-E0EA-45FB-814B-70ADD3AD39ED}"
EndProject
Project("{FAE04EC0-301F-11D3-BF4B-00C04F79EFBC}") = "Zadanie4", "Zadanie4\Zadanie4.csproj", "{6ADC84D0-E7B5-4A1C-A872-246A22553552}"
EndProject
Project("{FAE04EC0-301F-11D3-BF4B-00C04F79EFBC}") = "Zadanie5", "Zadanie5\Zadanie5.csproj", "{62701E2C-1E48-46C4-AC06-AF3BC5E88BDE}"
EndProject
Project("{FAE04EC0-301F-11D3-BF4B-00C04F79EFBC}") = "Zadanie7", "Zadanie7\Zadanie7.csproj", "{3C7B50F0-E705-4844-B47B-0C332D88A841}"
EndProject
Global
	GlobalSection(SolutionConfigurationPlatforms) = preSolution
		Debug|Any CPU = Debug|Any CPU
		Release|Any CPU = Release|Any CPU
	EndGlobalSection
	GlobalSection(ProjectConfigurationPlatforms) = postSolution
		{5DCE158E-BB28-4ADA-A0D2-55D25B675A0A}.Debug|Any CPU.ActiveCfg = Debug|Any CPU
		{5DCE158E-BB28-4ADA-A0D2-55D25B675A0A}.Debug|Any CPU.Build.0 = Debug|Any CPU
		{5DCE158E-BB28-4ADA-A0D2-55D25B675A0A}.Release|Any CPU.ActiveCfg = Release|Any CPU
		{5DCE158E-BB28-4ADA-A0D2-55D25B675A0A}.Release|Any CPU.Build.0 = Release|Any CPU
		{E6B85683-33CB-4B17-A115-512BED645EF3}.Debug|Any CPU.ActiveCfg = Debug|Any CPU
		{E6B85683-33CB-4B17-A115-512BED645EF3}.Debug|Any CPU.Build.0 = Debug|Any CPU
		{E6B85683-33CB-4B17-A115-512BED645EF3}.Release|Any CPU.ActiveCfg = Release|Any CPU
		{E6B85683-33CB-4B17-A115-512BED645EF3}.Release|Any CPU.Build.0 = Release|Any CPU
		{ABAB61D9-E0EA-45FB-814B-70ADD3AD39ED}.Debug|Any CPU.ActiveCfg = Debug|Any CPU
		{ABAB61D9-E0EA-45FB-814B-70ADD3AD39ED}.Debug|Any CPU.Build.0 = Debug|Any CPU
		{ABAB61D9-E0EA-45FB-814B-70ADD3AD39ED}.Release|Any CPU.ActiveCfg = Release|Any CPU
		{ABAB61D9-E0EA-45FB-814B-70ADD3AD39ED}.Release|Any CPU.Build.0 = Release|Any CPU
		{6ADC84D0-E7B5-4A1C-A872-246A22553552}.Debug|Any CPU.ActiveCfg = Debug|Any CPU
		{6ADC84D0-E7B5-4A1C-A872-246A22553552}.Debug|Any CPU.Build.0 = Debug|Any CPU
		{6ADC84D0-E7B5-4A1C-A872-246A22553552}.Release|Any CPU.ActiveCfg = Release|Any CPU
		{6ADC84D0-E7B5-4A1C-A872-246A22553552}.Release|Any CPU.Build.0 = Release|Any CPU
		{62701E2C-1E48-46C4-AC06-AF3BC5E88BDE}.Debug|Any CPU.ActiveCfg = Debug|Any CPU
		{62701E2C-1E48-46C4-AC06-AF3BC5E88BDE}.Debug|Any CPU.Build.0 = Debug|Any CPU
		{62701E2C-1E48-46C4-AC06-AF3BC5E88BDE}.Release|Any CPU.ActiveCfg = Release|Any CPU
		{62701E2C-1E48-46C4-AC06-AF3BC5E88BDE}.Release|Any CPU.Build.0 = Release|Any CPU
		{3C7B50F0-E705-4844-B47B-0C332D88A841}.Debug|Any CPU.ActiveCfg = Debug|Any CPU
		{3C7B50F0-E705-4844-B47B-0C332D88A841}.Debug|Any CPU.Build.0 = Debug|Any CPU
		{3C7B50F0-E705-4844-B47B-0C332D88A841}.Release|Any CPU.ActiveCfg = Release|Any CPU
		{3C7B50F0-E705-4844-B47B-0C332D88A841}.Release|Any CPU.Build.0 = Release|Any CPU
	EndGlobalSection
	GlobalSection(SolutionProperties) = preSolution
		HideSolutionNode = FALSE
	EndGlobalSection
	GlobalSection(ExtensibilityGlobals) = postSolution
		SolutionGuid = {F070D718-03AA-4FEF-8379-7733B6BC1957}
	EndGlobalSection
EndGlobal
